
Microsoft Visual Studio Solution File, Format Version 12.00
# Visual Studio Version 16
VisualStudioVersion = 16.0.32630.194
MinimumVisualStudioVersion = 10.0.40219.1
Project("{FAE04EC0-301F-11D3-BF4B-00C04F79EFBC}") = "BankSystem", "BankSystem\BankSystem.csproj", "{95E753ED-A2AD-491F-92B0-95D2FB655157}"
EndProject
Global
	GlobalSection(SolutionConfigurationPlatforms) = preSolution
		Debug|Any CPU = Debug|Any CPU
		Release|Any CPU = Release|Any CPU
	EndGlobalSection
	GlobalSection(ProjectConfigurationPlatforms) = postSolution
		{95E753ED-A2AD-491F-92B0-95D2FB655157}.Debug|Any CPU.ActiveCfg = Debug|Any CPU
		{95E753ED-A2AD-491F-92B0-95D2FB655157}.Debug|Any CPU.Build.0 = Debug|Any CPU
		{95E753ED-A2AD-491F-92B0-95D2FB655157}.Release|Any CPU.ActiveCfg = Release|Any CPU
		{95E753ED-A2AD-491F-92B0-95D2FB655157}.Release|Any CPU.Build.0 = Release|Any CPU
	EndGlobalSection
	GlobalSection(SolutionProperties) = preSolution
		HideSolutionNode = FALSE
	EndGlobalSection
	GlobalSection(ExtensibilityGlobals) = postSolution
		SolutionGuid = {D23E7393-146E-4FB5-BE80-9ABAC59E45CA}
	EndGlobalSection
EndGlobal
